{
  "name": "@webpack-config-suite/lerna-example",
  "version": "1.0.1",
  "lockfileVersion": 1,
  "requires": true,
  "dependencies": {
    "@types/webpack-env": {
      "version": "1.15.3",
      "resolved": "https://registry.npmjs.org/@types/webpack-env/-/webpack-env-1.15.3.tgz",
      "integrity": "sha512-5oiXqR7kwDGZ6+gmzIO2lTC+QsriNuQXZDWNYRV3l2XRN/zmPgnC21DLSx2D05zvD8vnXW6qUg7JnXZ4I6qLVQ==",
      "dev": true
    }
  }
}
